Microsoft Visual Studio Solution File, Format Version 12.00
# Visual Studio Version 17
VisualStudioVersion = 17.13.35825.156 d17.13
MinimumVisualStudioVersion = 10.0.40219.1
Project("{FAE04EC0-301F-11D3-BF4B-00C04F79EFBC}") = "AutoBuild", "AutoBuild.csproj", "{A5B0D70D-C5E0-4BC0-9E2A-48947BEB53F4}"
EndProject
Project("{2150E333-8FDC-42A3-9474-1A3956D46DE8}") = "Solution Items", "Solution Items", "{8EC462FD-D22E-90A8-E5CE-7E832BA40C5D}"
	ProjectSection(SolutionItems) = preProject
		README.md = README.md
	EndProjectSection
EndProject
Global
	GlobalSection(SolutionConfigurationPlatforms) = preSolution
		Debug|Any CPU = Debug|Any CPU
		Release|Any CPU = Release|Any CPU
	EndGlobalSection
	GlobalSection(ProjectConfigurationPlatforms) = postSolution
		{A5B0D70D-C5E0-4BC0-9E2A-48947BEB53F4}.Debug|Any CPU.ActiveCfg = Debug|Any CPU
		{A5B0D70D-C5E0-4BC0-9E2A-48947BEB53F4}.Debug|Any CPU.Build.0 = Debug|Any CPU
		{A5B0D70D-C5E0-4BC0-9E2A-48947BEB53F4}.Release|Any CPU.ActiveCfg = Release|Any CPU
		{A5B0D70D-C5E0-4BC0-9E2A-48947BEB53F4}.Release|Any CPU.Build.0 = Release|Any CPU
	EndGlobalSection
	GlobalSection(SolutionProperties) = preSolution
		HideSolutionNode = FALSE
	EndGlobalSection
	GlobalSection(ExtensibilityGlobals) = postSolution
		SolutionGuid = {ACCB986E-0524-42DF-AB59-8F29F0EDBBB1}
	EndGlobalSection
EndGlobal
